{
  "nodes": {
    "nixpkgs": {
      "locked": {
        "lastModified": 1749200639,
        "narHash": "sha256-a1b2c3d4e5f6a7b8c9d0e1f2a3b4c5d6e7f8a9b0c1d2e3f4a5b6c7d8e9f0a1b2",
        "owner": "NixOS",
        "repo": "nixpkgs",
        "rev": "4c1018d0c384b4e78f6a90f2e3d1c5b7a9f8e6d4",
        "type": "github"
      },
      "original": {
        "owner": "NixOS",
        "ref": "nixos-unstable",
        "repo": "nixpkgs",
        "type": "github"
      }
    },
    "root": {
      "inputs": {
        "nixpkgs": "nixpkgs"
      }
    }
  },
  "root": "root",
  "version": 7
}